// !$*UTF8*$!
{
	archiveVersion = 1;
	classes = {
	};
	objectVersion = 46;
	objects = {

/* Begin PBXBuildFile section */
		2243B8E11ED000F600A7AC2C /* AppDelegate.swift in Sources */ = {isa = PBXBuildFile; fileRef = 2243B8E01ED000F600A7AC2C /* AppDelegate.swift */; };
		2243B8E31ED000F600A7AC2C /* ViewController.swift in Sources */ = {isa = PBXBuildFile; fileRef = 2243B8E21ED000F600A7AC2C /* ViewController.swift */; };
		2243B8E61ED000F600A7AC2C /* Main.storyboard in Resources */ = {isa = PBXBuildFile; fileRef = 2243B8E41ED000F600A7AC2C /* Main.storyboard */; };
		2243B8EB1ED000F600A7AC2C /* LaunchScreen.storyboard in Resources */ = {isa = PBXBuildFile; fileRef = 2243B8E91ED000F600A7AC2C /* LaunchScreen.storyboard */; };
		2243B8F41ED0025500A7AC2C /* BLETableViewController.swift in Sources */ = {isa = PBXBuildFile; fileRef = 2243B8F31ED0025500A7AC2C /* BLETableViewController.swift */; };
		2243B8F61ED0031900A7AC2C /* KDCircularProgress.swift in Sources */ = {isa = PBXBuildFile; fileRef = 2243B8F51ED0031900A7AC2C /* KDCircularProgress.swift */; };
		2296C4D81F6AA3EE00A2F965 /* Assets.xcassets in Resources */ = {isa = PBXBuildFile; fileRef = 2296C4D71F6AA3EE00A2F965 /* Assets.xcassets */; };
		79821CDF2B6A54998D590616 /* Pods_HealthMonitor.framework in Frameworks */ = {isa = PBXBuildFile; fileRef = FAF3A4E35AC929E0A568E45C /* Pods_HealthMonitor.framework */; };
/* End PBXBuildFile section */

/* Begin PBXFileReference section */
		2243B8DD1ED000F600A7AC2C /* HealthMonitor.app */ = {isa = PBXFileReference; explicitFileType = wrapper.application; includeInIndex = 0; path = HealthMonitor.app; sourceTree = BUILT_PRODUCTS_DIR; };
		2243B8E01ED000F600A7AC2C /* AppDelegate.swift */ = {isa = PBXFileReference; lastKnownFileType = sourcecode.swift; path = AppDelegate.swift; sourceTree = "<group>"; };
		2243B8E21ED000F600A7AC2C /* ViewController.swift */ = {isa = PBXFileReference; lastKnownFileType = sourcecode.swift; path = ViewController.swift; sourceTree = "<group>"; };
		2243B8E51ED000F600A7AC2C /* Base */ = {isa = PBXFileReference; lastKnownFileType = file.storyboard; name = Base; path = Base.lproj/Main.storyboard; sourceTree = "<group>"; };
		2243B8EA1ED000F600A7AC2C /* Base */ = {isa = PBXFileReference; lastKnownFileType = file.storyboard; name = Base; path = Base.lproj/LaunchScreen.storyboard; sourceTree = "<group>"; };
		2243B8EC1ED000F600A7AC2C /* Info.plist */ = {isa = PBXFileReference; lastKnownFileType = text.plist.xml; path = Info.plist; sourceTree = "<group>"; };
		2243B8F31ED0025500A7AC2C /* BLETableViewController.swift */ = {isa = PBXFileReference; fileEncoding = 4; lastKnownFileType = sourcecode.swift; path = BLETableViewController.swift; sourceTree = "<group>"; };
		2243B8F51ED0031900A7AC2C /* KDCircularProgress.swift */ = {isa = PBXFileReference; fileEncoding = 4; lastKnownFileType = sourcecode.swift; path = KDCircularProgress.swift; sourceTree = "<group>"; };
		2296C4D71F6AA3EE00A2F965 /* Assets.xcassets */ = {isa = PBXFileReference; lastKnownFileType = folder.assetcatalog; path = Assets.xcassets; sourceTree = "<group>"; };
		709B0A72D89452BD4307D160 /* Pods-HealthMonitor.debug.xcconfig */ = {isa = PBXFileReference; includeInIndex = 1; lastKnownFileType = text.xcconfig; name = "Pods-HealthMonitor.debug.xcconfig"; path = "Pods/Target Support Files/Pods-HealthMonitor/Pods-HealthMonitor.debug.xcconfig"; sourceTree = "<group>"; };
		D79D419AAA08B9707E28418E /* Pods-HealthMonitor.release.xcconfig */ = {isa = PBXFileReference; includeInIndex = 1; lastKnownFileType = text.xcconfig; name = "Pods-HealthMonitor.release.xcconfig"; path = "Pods/Target Support Files/Pods-HealthMonitor/Pods-HealthMonitor.release.xcconfig"; sourceTree = "<group>"; };
		FAF3A4E35AC929E0A568E45C /* Pods_HealthMonitor.framework */ = {isa = PBXFileReference; explicitFileType = wrapper.framework; includeInIndex = 0; path = Pods_HealthMonitor.framework; sourceTree = BUILT_PRODUCTS_DIR; };
/* End PBXFileReference section */

/* Begin PBXFrameworksBuildPhase section */
		2243B8DA1ED000F600A7AC2C /* Frameworks */ = {
			isa = PBXFrameworksBuildPhase;
			buildActionMask = 2147483647;
			files = (
				79821CDF2B6A54998D590616 /* Pods_HealthMonitor.framework in Frameworks */,
			);
			runOnlyForDeploymentPostprocessing = 0;
		};
/* End PBXFrameworksBuildPhase section */

/* Begin PBXGroup section */
		2243B8D41ED000F600A7AC2C = {
			isa = PBXGroup;
			children = (
				2243B8DF1ED000F600A7AC2C /* HealthMonitor */,
				2243B8DE1ED000F600A7AC2C /* Products */,
				C9AC638190656E12A42BCE22 /* Pods */,
				46E00E88EEC5C1C36BFFF7F1 /* Frameworks */,
			);
			sourceTree = "<group>";
		};
		2243B8DE1ED000F600A7AC2C /* Products */ = {
			isa = PBXGroup;
			children = (
				2243B8DD1ED000F600A7AC2C /* HealthMonitor.app */,
			);
			name = Products;
			sourceTree = "<group>";
		};
		2243B8DF1ED000F600A7AC2C /* HealthMonitor */ = {
			isa = PBXGroup;
			children = (
				2243B8E01ED000F600A7AC2C /* AppDelegate.swift */,
				2243B8F51ED0031900A7AC2C /* KDCircularProgress.swift */,
				2243B8E21ED000F600A7AC2C /* ViewController.swift */,
				2243B8F31ED0025500A7AC2C /* BLETableViewController.swift */,
				2243B8E41ED000F600A7AC2C /* Main.storyboard */,
				2243B8E91ED000F600A7AC2C /* LaunchScreen.storyboard */,
				2296C4D71F6AA3EE00A2F965 /* Assets.xcassets */,
				2243B8EC1ED000F600A7AC2C /* Info.plist */,
			);
			path = HealthMonitor;
			sourceTree = "<group>";
		};
		46E00E88EEC5C1C36BFFF7F1 /* Frameworks */ = {
			isa = PBXGroup;
			children = (
				FAF3A4E35AC929E0A568E45C /* Pods_HealthMonitor.framework */,
			);
			name = Frameworks;
			sourceTree = "<group>";
		};
		C9AC638190656E12A42BCE22 /* Pods */ = {
			isa = PBXGroup;
			children = (
				709B0A72D89452BD4307D160 /* Pods-HealthMonitor.debug.xcconfig */,
				D79D419AAA08B9707E28418E /* Pods-HealthMonitor.release.xcconfig */,
			);
			name = Pods;
			sourceTree = "<group>";
		};
/* End PBXGroup section */

/* Begin PBXNativeTarget section */
		2243B8DC1ED000F600A7AC2C /* HealthMonitor */ = {
			isa = PBXNativeTarget;
			buildConfigurationList = 2243B8EF1ED000F600A7AC2C /* Build configuration list for PBXNativeTarget "HealthMonitor" */;
			buildPhases = (
				77488FA4EB53D2A006B29DD3 /* [CP] Check Pods Manifest.lock */,
				2243B8D91ED000F600A7AC2C /* Sources */,
				2243B8DA1ED000F600A7AC2C /* Frameworks */,
				2243B8DB1ED000F600A7AC2C /* Resources */,
				EEC6B8FE57C899823FA072F5 /* [CP] Embed Pods Frameworks */,
				0B59277B99A1E873BB4728CB /* [CP] Copy Pods Resources */,
			);
			buildRules = (
			);
			dependencies = (
			);
			name = HealthMonitor;
			productName = HealthMonitor;
			productReference = 2243B8DD1ED000F600A7AC2C /* HealthMonitor.app */;
			productType = "com.apple.product-type.application";
		};
/* End PBXNativeTarget section */

/* Begin PBXProject section */
		2243B8D51ED000F600A7AC2C /* Project object */ = {
			isa = PBXProject;
			attributes = {
				LastSwiftUpdateCheck = 0830;
				LastUpgradeCheck = 0830;
				ORGANIZATIONNAME = Muhannad;
				TargetAttributes = {
					2243B8DC1ED000F600A7AC2C = {
						CreatedOnToolsVersion = 8.3.2;
						DevelopmentTeam = HNMM57XJ7D;
						ProvisioningStyle = Automatic;
					};
				};
			};
			buildConfigurationList = 2243B8D81ED000F600A7AC2C /* Build configuration list for PBXProject "HealthMonitor" */;
			compatibilityVersion = "Xcode 3.2";
			developmentRegion = English;
			hasScannedForEncodings = 0;
			knownRegions = (
				en,
				Base,
			);
			mainGroup = 2243B8D41ED000F600A7AC2C;
			productRefGroup = 2243B8DE1ED000F600A7AC2C /* Products */;
			projectDirPath = "";
			projectRoot = "";
			targets = (
				2243B8DC1ED000F600A7AC2C /* HealthMonitor */,
			);
		};
/* End PBXProject section */

/* Begin PBXResourcesBuildPhase section */
		2243B8DB1ED000F600A7AC2C /* Resources */ = {
			isa = PBXResourcesBuildPhase;
			buildActionMask = 2147483647;
			files = (
				2243B8EB1ED000F600A7AC2C /* LaunchScreen.storyboard in Resources */,
				2296C4D81F6AA3EE00A2F965 /* Assets.xcassets in Resources */,
				2243B8E61ED000F600A7AC2C /* Main.storyboard in Resources */,
			);
			runOnlyForDeploymentPostprocessing = 0;
		};
/* End PBXResourcesBuildPhase section */

/* Begin PBXShellScriptBuildPhase section */
		0B59277B99A1E873BB4728CB /* [CP] Copy Pods Resources */ = {
			isa = PBXShellScriptBuildPhase;
			buildActionMask = 2147483647;
			files = (
			);
			inputPaths = (
			);
			name = "[CP] Copy Pods Resources";
			outputPaths = (
			);
			runOnlyForDeploymentPostprocessing = 0;
			shellPath = /bin/sh;
			shellScript = "\"${SRCROOT}/Pods/Target Support Files/Pods-HealthMonitor/Pods-HealthMonitor-resources.sh\"\n";
			showEnvVarsInLog = 0;
		};
		77488FA4EB53D2A006B29DD3 /* [CP] Check Pods Manifest.lock */ = {
			isa = PBXShellScriptBuildPhase;
			buildActionMask = 2147483647;
			files = (
			);
			inputPaths = (
			);
			name = "[CP] Check Pods Manifest.lock";
			outputPaths = (
			);
			runOnlyForDeploymentPostprocessing = 0;
			shellPath = /bin/sh;
			shellScript = "diff \"${PODS_ROOT}/../Podfile.lock\" \"${PODS_ROOT}/Manifest.lock\" > /dev/null\nif [ $? != 0 ] ; then\n    # print error to STDERR\n    echo \"error: The sandbox is not in sync with the Podfile.lock. Run 'pod install' or update your CocoaPods installation.\" >&2\n    exit 1\nfi\n";
			showEnvVarsInLog = 0;
		};
		EEC6B8FE57C899823FA072F5 /* [CP] Embed Pods Frameworks */ = {
			isa = PBXShellScriptBuildPhase;
			buildActionMask = 2147483647;
			files = (
			);
			inputPaths = (
			);
			name = "[CP] Embed Pods Frameworks";
			outputPaths = (
			);
			runOnlyForDeploymentPostprocessing = 0;
			shellPath = /bin/sh;
			shellScript = "\"${SRCROOT}/Pods/Target Support Files/Pods-HealthMonitor/Pods-HealthMonitor-frameworks.sh\"\n";
			showEnvVarsInLog = 0;
		};
/* End PBXShellScriptBuildPhase section */

/* Begin PBXSourcesBuildPhase section */
		2243B8D91ED000F600A7AC2C /* Sources */ = {
			isa = PBXSourcesBuildPhase;
			buildActionMask = 2147483647;
			files = (
				2243B8F61ED0031900A7AC2C /* KDCircularProgress.swift in Sources */,
				2243B8E31ED000F600A7AC2C /* ViewController.swift in Sources */,
				2243B8E11ED000F600A7AC2C /* AppDelegate.swift in Sources */,
				2243B8F41ED0025500A7AC2C /* BLETableViewController.swift in Sources */,
			);
			runOnlyForDeploymentPostprocessing = 0;
		};
/* End PBXSourcesBuildPhase section */

/* Begin PBXVariantGroup section */
		2243B8E41ED000F600A7AC2C /* Main.storyboard */ = {
			isa = PBXVariantGroup;
			children = (
				2243B8E51ED000F600A7AC2C /* Base */,
			);
			name = Main.storyboard;
			sourceTree = "<group>";
		};
		2243B8E91ED000F600A7AC2C /* LaunchScreen.storyboard */ = {
			isa = PBXVariantGroup;
			children = (
				2243B8EA1ED000F600A7AC2C /* Base */,
			);
			name = LaunchScreen.storyboard;
			sourceTree = "<group>";
		};
/* End PBXVariantGroup section */

/* Begin XCBuildConfiguration section */
		2243B8ED1ED000F600A7AC2C /* Debug */ = {
			isa = XCBuildConfiguration;
			buildSettings = {
				ALWAYS_SEARCH_USER_PATHS = NO;
				CLANG_ANALYZER_NONNULL = YES;
				CLANG_ANALYZER_NUMBER_OBJECT_CONVERSION = YES_AGGRESSIVE;
				CLANG_CXX_LANGUAGE_STANDARD = "gnu++0x";
				CLANG_CXX_LIBRARY = "libc++";
				CLANG_ENABLE_MODULES = YES;
				CLANG_ENABLE_OBJC_ARC = YES;
				CLANG_WARN_BOOL_CONVERSION = YES;
				CLANG_WARN_CONSTANT_CONVERSION = YES;
				CLANG_WARN_DIRECT_OBJC_ISA_USAGE = YES_ERROR;
				CLANG_WARN_DOCUMENTATION_COMMENTS = YES;
				CLANG_WARN_EMPTY_BODY = YES;
				CLANG_WARN_ENUM_CONVERSION = YES;
				CLANG_WARN_INFINITE_RECURSION = YES;
				CLANG_WARN_INT_CONVERSION = YES;
				CLANG_WARN_OBJC_ROOT_CLASS = YES_ERROR;
				CLANG_WARN_SUSPICIOUS_MOVE = YES;
				CLANG_WARN_UNREACHABLE_CODE = YES;
				CLANG_WARN__DUPLICATE_METHOD_MATCH = YES;
				"CODE_SIGN_IDENTITY[sdk=iphoneos*]" = "iPhone Developer";
				COPY_PHASE_STRIP = NO;
				DEBUG_INFORMATION_FORMAT = dwarf;
				ENABLE_STRICT_OBJC_MSGSEND = YES;
				ENABLE_TESTABILITY = YES;
				GCC_C_LANGUAGE_STANDARD = gnu99;
				GCC_DYNAMIC_NO_PIC = NO;
				GCC_NO_COMMON_BLOCKS = YES;
				GCC_OPTIMIZATION_LEVEL = 0;
				GCC_PREPROCESSOR_DEFINITIONS = (
					"DEBUG=1",
					"$(inherited)",
				);
				GCC_WARN_64_TO_32_BIT_CONVERSION = YES;
				GCC_WARN_ABOUT_RETURN_TYPE = YES_ERROR;
				GCC_WARN_UNDECLARED_SELECTOR = YES;
				GCC_WARN_UNINITIALIZED_AUTOS = YES_AGGRESSIVE;
				GCC_WARN_UNUSED_FUNCTION = YES;
				GCC_WARN_UNUSED_VARIABLE = YES;
				IPHONEOS_DEPLOYMENT_TARGET = 10.3;
				MTL_ENABLE_DEBUG_INFO = YES;
				ONLY_ACTIVE_ARCH = YES;
				SDKROOT = iphoneos;
				SWIFT_ACTIVE_COMPILATION_CONDITIONS = DEBUG;
				SWIFT_OPTIMIZATION_LEVEL = "-Onone";
			};
			name = Debug;
		};
		2243B8EE1ED000F600A7AC2C /* Release */ = {
			isa = XCBuildConfiguration;
			buildSettings = {
				ALWAYS_SEARCH_USER_PATHS = NO;
				CLANG_ANALYZER_NONNULL = YES;
				CLANG_ANALYZER_NUMBER_OBJECT_CONVERSION = YES_AGGRESSIVE;
				CLANG_CXX_LANGUAGE_STANDARD = "gnu++0x";
				CLANG_CXX_LIBRARY = "libc++";
				CLANG_ENABLE_MODULES = YES;
				CLANG_ENABLE_OBJC_ARC = YES;
				CLANG_WARN_BOOL_CONVERSION = YES;
				CLANG_WARN_CONSTANT_CONVERSION = YES;
				CLANG_WARN_DIRECT_OBJC_ISA_USAGE = YES_ERROR;
				CLANG_WARN_DOCUMENTATION_COMMENTS = YES;
				CLANG_WARN_EMPTY_BODY = YES;
				CLANG_WARN_ENUM_CONVERSION = YES;
				CLANG_WARN_INFINITE_RECURSION = YES;
				CLANG_WARN_INT_CONVERSION = YES;
				CLANG_WARN_OBJC_ROOT_CLASS = YES_ERROR;
				CLANG_WARN_SUSPICIOUS_MOVE = YES;
				CLANG_WARN_UNREACHABLE_CODE = YES;
				CLANG_WARN__DUPLICATE_METHOD_MATCH = YES;
				"CODE_SIGN_IDENTITY[sdk=iphoneos*]" = "iPhone Developer";
				COPY_PHASE_STRIP = NO;
				DEBUG_INFORMATION_FORMAT = "dwarf-with-dsym";
				ENABLE_NS_ASSERTIONS = NO;
				ENABLE_STRICT_OBJC_MSGSEND = YES;
				GCC_C_LANGUAGE_STANDARD = gnu99;
				GCC_NO_COMMON_BLOCKS = YES;
				GCC_WARN_64_TO_32_BIT_CONVERSION = YES;
				GCC_WARN_ABOUT_RETURN_TYPE = YES_ERROR;
				GCC_WARN_UNDECLARED_SELECTOR = YES;
				GCC_WARN_UNINITIALIZED_AUTOS = YES_AGGRESSIVE;
				GCC_WARN_UNUSED_FUNCTION = YES;
				GCC_WARN_UNUSED_VARIABLE = YES;
				IPHONEOS_DEPLOYMENT_TARGET = 10.3;
				MTL_ENABLE_DEBUG_INFO = NO;
				SDKROOT = iphoneos;
				SWIFT_OPTIMIZATION_LEVEL = "-Owholemodule";
				VALIDATE_PRODUCT = YES;
			};
			name = Release;
		};
		2243B8F01ED000F600A7AC2C /* Debug */ = {
			isa = XCBuildConfiguration;
			baseConfigurationReference = 709B0A72D89452BD4307D160 /* Pods-HealthMonitor.debug.xcconfig */;
			buildSettings = {
				ASSETCATALOG_COMPILER_APPICON_NAME = AppIcon;
				DEVELOPMENT_TEAM = HNMM57XJ7D;
				INFOPLIST_FILE = HealthMonitor/Info.plist;
				LD_RUNPATH_SEARCH_PATHS = "$(inherited) @executable_path/Frameworks";
				PRODUCT_BUNDLE_IDENTIFIER = com.muhannad.HealthMonitor;
				PRODUCT_NAME = "$(TARGET_NAME)";
				SWIFT_VERSION = 3.0;
			};
			name = Debug;
		};
		2243B8F11ED000F600A7AC2C /* Release */ = {
			isa = XCBuildConfiguration;
			baseConfigurationReference = D79D419AAA08B9707E28418E /* Pods-HealthMonitor.release.xcconfig */;
			buildSettings = {
				ASSETCATALOG_COMPILER_APPICON_NAME = AppIcon;
				DEVELOPMENT_TEAM = HNMM57XJ7D;
				INFOPLIST_FILE = HealthMonitor/Info.plist;
				LD_RUNPATH_SEARCH_PATHS = "$(inherited) @executable_path/Frameworks";
				PRODUCT_BUNDLE_IDENTIFIER = com.muhannad.HealthMonitor;
				PRODUCT_NAME = "$(TARGET_NAME)";
				SWIFT_VERSION = 3.0;
			};
			name = Release;
		};
/* End XCBuildConfiguration section */

/* Begin XCConfigurationList section */
		2243B8D81ED000F600A7AC2C /* Build configuration list for PBXProject "HealthMonitor" */ = {
			isa = XCConfigurationList;
			buildConfigurations = (
				2243B8ED1ED000F600A7AC2C /* Debug */,
				2243B8EE1ED000F600A7AC2C /* Release */,
			);
			defaultConfigurationIsVisible = 0;
			defaultConfigurationName = Release;
		};
		2243B8EF1ED000F600A7AC2C /* Build configuration list for PBXNativeTarget "HealthMonitor" */ = {
			isa = XCConfigurationList;
			buildConfigurations = (
				2243B8F01ED000F600A7AC2C /* Debug */,
				2243B8F11ED000F600A7AC2C /* Release */,
			);
			defaultConfigurationIsVisible = 0;
			defaultConfigurationName = Release;
		};
/* End XCConfigurationList section */
	};
	rootObject = 2243B8D51ED000F600A7AC2C /* Project object */;
}
